
Microsoft Visual Studio Solution File, Format Version 12.00
Project("{FAE04EC0-301F-11D3-BF4B-00C04F79EFBC}") = "Core", "Core\Core.csproj", "{6A7D2469-FBB4-4E01-9CFA-EE2A35E81E66}"
EndProject
Project("{FAE04EC0-301F-11D3-BF4B-00C04F79EFBC}") = "Infrastructure", "Infrastructure\Infrastructure.csproj", "{0B8F6D45-08E4-4160-96D0-9E74F172EBFA}"
EndProject
Project("{FAE04EC0-301F-11D3-BF4B-00C04F79EFBC}") = "WebAdminApp", "WebAdminApp\WebAdminApp.csproj", "{AF4F5B81-EEE3-4F26-9BB3-20FA424C0C94}"
EndProject
Project("{FAE04EC0-301F-11D3-BF4B-00C04F79EFBC}") = "WebEmployeeApp", "WebEmployeeApp\WebEmployeeApp.csproj", "{DC1401CB-5AC7-4134-8AB6-EE19862D4A67}"
EndProject
Project("{2150E333-8FDC-42A3-9474-1A3956D46DE8}") = "src", "src", "{542409AD-B8FF-41CD-80F9-807CE451D571}"
EndProject
Project("{2150E333-8FDC-42A3-9474-1A3956D46DE8}") = "tests", "tests", "{F67B48CD-9342-4873-89E7-57BF5395841B}"
EndProject
Project("{FAE04EC0-301F-11D3-BF4B-00C04F79EFBC}") = "Core.UnitTests", "Core.UnitTests\Core.UnitTests.csproj", "{25EE0969-46C8-4A9D-99B8-A5EC01BBF385}"
EndProject
Global
	GlobalSection(SolutionConfigurationPlatforms) = preSolution
		Debug|Any CPU = Debug|Any CPU
		Release|Any CPU = Release|Any CPU
	EndGlobalSection
	GlobalSection(ProjectConfigurationPlatforms) = postSolution
		{6A7D2469-FBB4-4E01-9CFA-EE2A35E81E66}.Debug|Any CPU.ActiveCfg = Debug|Any CPU
		{6A7D2469-FBB4-4E01-9CFA-EE2A35E81E66}.Debug|Any CPU.Build.0 = Debug|Any CPU
		{6A7D2469-FBB4-4E01-9CFA-EE2A35E81E66}.Release|Any CPU.ActiveCfg = Release|Any CPU
		{6A7D2469-FBB4-4E01-9CFA-EE2A35E81E66}.Release|Any CPU.Build.0 = Release|Any CPU
		{0B8F6D45-08E4-4160-96D0-9E74F172EBFA}.Debug|Any CPU.ActiveCfg = Debug|Any CPU
		{0B8F6D45-08E4-4160-96D0-9E74F172EBFA}.Debug|Any CPU.Build.0 = Debug|Any CPU
		{0B8F6D45-08E4-4160-96D0-9E74F172EBFA}.Release|Any CPU.ActiveCfg = Release|Any CPU
		{0B8F6D45-08E4-4160-96D0-9E74F172EBFA}.Release|Any CPU.Build.0 = Release|Any CPU
		{AF4F5B81-EEE3-4F26-9BB3-20FA424C0C94}.Debug|Any CPU.ActiveCfg = Debug|Any CPU
		{AF4F5B81-EEE3-4F26-9BB3-20FA424C0C94}.Debug|Any CPU.Build.0 = Debug|Any CPU
		{AF4F5B81-EEE3-4F26-9BB3-20FA424C0C94}.Release|Any CPU.ActiveCfg = Release|Any CPU
		{AF4F5B81-EEE3-4F26-9BB3-20FA424C0C94}.Release|Any CPU.Build.0 = Release|Any CPU
		{DC1401CB-5AC7-4134-8AB6-EE19862D4A67}.Debug|Any CPU.ActiveCfg = Debug|Any CPU
		{DC1401CB-5AC7-4134-8AB6-EE19862D4A67}.Debug|Any CPU.Build.0 = Debug|Any CPU
		{DC1401CB-5AC7-4134-8AB6-EE19862D4A67}.Release|Any CPU.ActiveCfg = Release|Any CPU
		{DC1401CB-5AC7-4134-8AB6-EE19862D4A67}.Release|Any CPU.Build.0 = Release|Any CPU
		{25EE0969-46C8-4A9D-99B8-A5EC01BBF385}.Debug|Any CPU.ActiveCfg = Debug|Any CPU
		{25EE0969-46C8-4A9D-99B8-A5EC01BBF385}.Debug|Any CPU.Build.0 = Debug|Any CPU
		{25EE0969-46C8-4A9D-99B8-A5EC01BBF385}.Release|Any CPU.ActiveCfg = Release|Any CPU
		{25EE0969-46C8-4A9D-99B8-A5EC01BBF385}.Release|Any CPU.Build.0 = Release|Any CPU
	EndGlobalSection
	GlobalSection(NestedProjects) = preSolution
		{6A7D2469-FBB4-4E01-9CFA-EE2A35E81E66} = {542409AD-B8FF-41CD-80F9-807CE451D571}
		{0B8F6D45-08E4-4160-96D0-9E74F172EBFA} = {542409AD-B8FF-41CD-80F9-807CE451D571}
		{AF4F5B81-EEE3-4F26-9BB3-20FA424C0C94} = {542409AD-B8FF-41CD-80F9-807CE451D571}
		{DC1401CB-5AC7-4134-8AB6-EE19862D4A67} = {542409AD-B8FF-41CD-80F9-807CE451D571}
		{25EE0969-46C8-4A9D-99B8-A5EC01BBF385} = {F67B48CD-9342-4873-89E7-57BF5395841B}
	EndGlobalSection
EndGlobal
